<?xml version="1.0" encoding="utf-8"?>
<Project ToolsVersion="4.0" xmlns="http://schemas.microsoft.com/developer/msbuild/2003">
  <ItemGroup>
    <Filter Include="src">
      <UniqueIdentifier>{7c3bf112-1cd6-4370-a74a-554c0da44bd1}</UniqueIdentifier>
    </Filter>
    <Filter Include="utils">
      <UniqueIdentifier>{1f3c7d9e-8699-4254-afce-cc8a165faba0}</UniqueIdentifier>
    </Filter>
    <Filter Include="shaders">
      <UniqueIdentifier>{940e2ac2-69f0-47be-9cb4-75e770597855}</UniqueIdentifier>
    </Filter>
    <Filter Include="imgui">
      <UniqueIdentifier>{ab944b45-17c6-4e2e-b014-cf9b41d78471}</UniqueIdentifier>
    </Filter>
  </ItemGroup>
  <ItemGroup>
    <ClCompile Include="utils\Utility.cpp">
      <Filter>utils</Filter>
    </ClCompile>
    <ClCompile Include="utils\VKUtility.cpp">
      <Filter>utils</Filter>
    </ClCompile>
    <ClCompile Include="utils\VKBackend.cpp">
      <Filter>utils</Filter>
    </ClCompile>
    <ClCompile Include="utils\Colors.cpp">
      <Filter>utils</Filter>
    </ClCompile>
    <ClCompile Include="imgui\imgui_impl_glfw.cpp">
      <Filter>imgui</Filter>
    </ClCompile>
    <ClCompile Include="imgui\imgui_impl_vulkan.cpp">
      <Filter>imgui</Filter>
    </ClCompile>
    <ClCompile Include="utils\spirv_reflect.cpp">
      <Filter>utils</Filter>
    </ClCompile>
    <ClCompile Include="Example11.cpp">
      <Filter>src</Filter>
    </ClCompile>
  </ItemGroup>
  <ItemGroup>
    <ClInclude Include="utils\CommonHeaders.h">
      <Filter>utils</Filter>
    </ClInclude>
    <ClInclude Include="utils\Utility.h">
      <Filter>utils</Filter>
    </ClInclude>
    <ClInclude Include="utils\VKUtility.h">
      <Filter>utils</Filter>
    </ClInclude>
    <ClInclude Include="utils\stb_image.h">
      <Filter>utils</Filter>
    </ClInclude>
    <ClInclude Include="utils\VKBackend.h">
      <Filter>utils</Filter>
    </ClInclude>
    <ClInclude Include="utils\bezier.h">
      <Filter>utils</Filter>
    </ClInclude>
    <ClInclude Include="utils\Colors.h">
      <Filter>utils</Filter>
    </ClInclude>
    <ClInclude Include="imgui\imgui_impl_glfw.h">
      <Filter>imgui</Filter>
    </ClInclude>
    <ClInclude Include="imgui\imgui_impl_vulkan.h">
      <Filter>imgui</Filter>
    </ClInclude>
    <ClInclude Include="utils\spirv_reflect.h">
      <Filter>utils</Filter>
    </ClInclude>
  </ItemGroup>
  <ItemGroup>
    <None Include="shaders\triangle.frag.glsl">
      <Filter>shaders</Filter>
    </None>
    <None Include="shaders\triangle-mvp.vert.glsl">
      <Filter>shaders</Filter>
    </None>
    <None Include="shaders\diffuse.vert.glsl">
      <Filter>shaders</Filter>
    </None>
    <None Include="shaders\diffuse.frag.glsl">
      <Filter>shaders</Filter>
    </None>
    <None Include="shaders\diffuseTex.frag.glsl">
      <Filter>shaders</Filter>
    </None>
    <None Include="shaders\diffuseTex.vert.glsl">
      <Filter>shaders</Filter>
    </None>
    <None Include="shaders\solidShapes.frag.glsl">
      <Filter>shaders</Filter>
    </None>
    <None Include="shaders\solidShapes.vert.glsl">
      <Filter>shaders</Filter>
    </None>
    <None Include="shaders\fLights.glsl">
      <Filter>shaders</Filter>
    </None>
    <None Include="shaders\vLights.glsl">
      <Filter>shaders</Filter>
    </None>
    <None Include="shaders\solidShapes3D.frag.glsl">
      <Filter>shaders</Filter>
    </None>
    <None Include="shaders\solidShapes3D.vert.glsl">
      <Filter>shaders</Filter>
    </None>
    <None Include="shaders\simpleMat.frag.glsl">
      <Filter>shaders</Filter>
    </None>
    <None Include="shaders\simpleMat.vert.glsl">
      <Filter>shaders</Filter>
    </None>
  </ItemGroup>
</Project>